
Microsoft Visual Studio Solution File, Format Version 12.00
# Visual Studio Version 16
VisualStudioVersion = 16.0.31729.503
MinimumVisualStudioVersion = 10.0.40219.1
Project("{FAE04EC0-301F-11D3-BF4B-00C04F79EFBC}") = "Environments", "Environments\Environments.csproj", "{D7F64FEF-00AA-4B63-903D-CA48897FAF43}"
EndProject
Global
	GlobalSection(SolutionConfigurationPlatforms) = preSolution
		Debug|Any CPU = Debug|Any CPU
		Release|Any CPU = Release|Any CPU
	EndGlobalSection
	GlobalSection(ProjectConfigurationPlatforms) = postSolution
		{D7F64FEF-00AA-4B63-903D-CA48897FAF43}.Debug|Any CPU.ActiveCfg = Debug|Any CPU
		{D7F64FEF-00AA-4B63-903D-CA48897FAF43}.Debug|Any CPU.Build.0 = Debug|Any CPU
		{D7F64FEF-00AA-4B63-903D-CA48897FAF43}.Release|Any CPU.ActiveCfg = Release|Any CPU
		{D7F64FEF-00AA-4B63-903D-CA48897FAF43}.Release|Any CPU.Build.0 = Release|Any CPU
	EndGlobalSection
	GlobalSection(SolutionProperties) = preSolution
		HideSolutionNode = FALSE
	EndGlobalSection
	GlobalSection(ExtensibilityGlobals) = postSolution
		SolutionGuid = {A726E2CF-F059-43F7-9F68-98FE00A648E2}
	EndGlobalSection
EndGlobal
